// !$*UTF8*$!
{
	archiveVersion = 1;
	classes = {
	};
	objectVersion = 46;
	objects = {

/* Begin PBXBuildFile section */
		C2EBA60B1B4E056F00E640F2 /* main.m in Sources */ = {isa = PBXBuildFile; fileRef = C2EBA60A1B4E056F00E640F2 /* main.m */; };
		C2EBA60E1B4E056F00E640F2 /* AppDelegate.m in Sources */ = {isa = PBXBuildFile; fileRef = C2EBA60D1B4E056F00E640F2 /* AppDelegate.m */; };
		C2EBA6101B4E056F00E640F2 /* macwcjgithub-Prefix.pch in Resources */ = {isa = PBXBuildFile; fileRef = C2EBA60F1B4E056F00E640F2 /* macwcjgithub-Prefix.pch */; };
		C2EBA6121B4E056F00E640F2 /* Images.xcassets in Resources */ = {isa = PBXBuildFile; fileRef = C2EBA6111B4E056F00E640F2 /* Images.xcassets */; };
		C2EBA6151B4E056F00E640F2 /* LaunchScreen.xib in Resources */ = {isa = PBXBuildFile; fileRef = C2EBA6131B4E056F00E640F2 /* LaunchScreen.xib */; };
		C2EBA6211B4E056F00E640F2 /* macwcjgithubTests.m in Sources */ = {isa = PBXBuildFile; fileRef = C2EBA6201B4E056F00E640F2 /* macwcjgithubTests.m */; };
/* End PBXBuildFile section */

/* Begin PBXContainerItemProxy section */
		C2EBA61B1B4E056F00E640F2 /* PBXContainerItemProxy */ = {
			isa = PBXContainerItemProxy;
			containerPortal = C2EBA5FD1B4E056F00E640F2 /* Project object */;
			proxyType = 1;
			remoteGlobalIDString = C2EBA6041B4E056F00E640F2;
			remoteInfo = macwcjgithub;
		};
/* End PBXContainerItemProxy section */

/* Begin PBXFileReference section */
		C2EBA6051B4E056F00E640F2 /* macwcjgithub.app */ = {isa = PBXFileReference; explicitFileType = wrapper.application; includeInIndex = 0; path = macwcjgithub.app; sourceTree = BUILT_PRODUCTS_DIR; };
		C2EBA6091B4E056F00E640F2 /* Info.plist */ = {isa = PBXFileReference; lastKnownFileType = text.plist.xml; path = Info.plist; sourceTree = "<group>"; };
		C2EBA60A1B4E056F00E640F2 /* main.m */ = {isa = PBXFileReference; lastKnownFileType = sourcecode.c.objc; path = main.m; sourceTree = "<group>"; };
		C2EBA60C1B4E056F00E640F2 /* AppDelegate.h */ = {isa = PBXFileReference; lastKnownFileType = sourcecode.c.h; path = AppDelegate.h; sourceTree = "<group>"; };
		C2EBA60D1B4E056F00E640F2 /* AppDelegate.m */ = {isa = PBXFileReference; lastKnownFileType = sourcecode.c.objc; path = AppDelegate.m; sourceTree = "<group>"; };
		C2EBA60F1B4E056F00E640F2 /* macwcjgithub-Prefix.pch */ = {isa = PBXFileReference; lastKnownFileType = sourcecode.c.h; path = "macwcjgithub-Prefix.pch"; sourceTree = "<group>"; };
		C2EBA6111B4E056F00E640F2 /* Images.xcassets */ = {isa = PBXFileReference; lastKnownFileType = folder.assetcatalog; path = Images.xcassets; sourceTree = "<group>"; };
		C2EBA6141B4E056F00E640F2 /* Base */ = {isa = PBXFileReference; lastKnownFileType = file.xib; name = Base; path = Base.lproj/LaunchScreen.xib; sourceTree = "<group>"; };
		C2EBA61A1B4E056F00E640F2 /* macwcjgithubTests.xctest */ = {isa = PBXFileReference; explicitFileType = wrapper.cfbundle; includeInIndex = 0; path = macwcjgithubTests.xctest; sourceTree = BUILT_PRODUCTS_DIR; };
		C2EBA61F1B4E056F00E640F2 /* Info.plist */ = {isa = PBXFileReference; lastKnownFileType = text.plist.xml; path = Info.plist; sourceTree = "<group>"; };
		C2EBA6201B4E056F00E640F2 /* macwcjgithubTests.m */ = {isa = PBXFileReference; lastKnownFileType = sourcecode.c.objc; path = macwcjgithubTests.m; sourceTree = "<group>"; };
/* End PBXFileReference section */

/* Begin PBXFrameworksBuildPhase section */
		C2EBA6021B4E056F00E640F2 /* Frameworks */ = {
			isa = PBXFrameworksBuildPhase;
			buildActionMask = 2147483647;
			files = (
			);
			runOnlyForDeploymentPostprocessing = 0;
		};
		C2EBA6171B4E056F00E640F2 /* Frameworks */ = {
			isa = PBXFrameworksBuildPhase;
			buildActionMask = 2147483647;
			files = (
			);
			runOnlyForDeploymentPostprocessing = 0;
		};
/* End PBXFrameworksBuildPhase section */

/* Begin PBXGroup section */
		C2EBA5FC1B4E056F00E640F2 = {
			isa = PBXGroup;
			children = (
				C2EBA6071B4E056F00E640F2 /* macwcjgithub */,
				C2EBA61D1B4E056F00E640F2 /* macwcjgithubTests */,
				C2EBA6061B4E056F00E640F2 /* Products */,
			);
			sourceTree = "<group>";
		};
		C2EBA6061B4E056F00E640F2 /* Products */ = {
			isa = PBXGroup;
			children = (
				C2EBA6051B4E056F00E640F2 /* macwcjgithub.app */,
				C2EBA61A1B4E056F00E640F2 /* macwcjgithubTests.xctest */,
			);
			name = Products;
			sourceTree = "<group>";
		};
		C2EBA6071B4E056F00E640F2 /* macwcjgithub */ = {
			isa = PBXGroup;
			children = (
				C2EBA60C1B4E056F00E640F2 /* AppDelegate.h */,
				C2EBA60D1B4E056F00E640F2 /* AppDelegate.m */,
				C2EBA60F1B4E056F00E640F2 /* macwcjgithub-Prefix.pch */,
				C2EBA6111B4E056F00E640F2 /* Images.xcassets */,
				C2EBA6131B4E056F00E640F2 /* LaunchScreen.xib */,
				C2EBA6081B4E056F00E640F2 /* Supporting Files */,
			);
			path = macwcjgithub;
			sourceTree = "<group>";
		};
		C2EBA6081B4E056F00E640F2 /* Supporting Files */ = {
			isa = PBXGroup;
			children = (
				C2EBA6091B4E056F00E640F2 /* Info.plist */,
				C2EBA60A1B4E056F00E640F2 /* main.m */,
			);
			name = "Supporting Files";
			sourceTree = "<group>";
		};
		C2EBA61D1B4E056F00E640F2 /* macwcjgithubTests */ = {
			isa = PBXGroup;
			children = (
				C2EBA6201B4E056F00E640F2 /* macwcjgithubTests.m */,
				C2EBA61E1B4E056F00E640F2 /* Supporting Files */,
			);
			path = macwcjgithubTests;
			sourceTree = "<group>";
		};
		C2EBA61E1B4E056F00E640F2 /* Supporting Files */ = {
			isa = PBXGroup;
			children = (
				C2EBA61F1B4E056F00E640F2 /* Info.plist */,
			);
			name = "Supporting Files";
			sourceTree = "<group>";
		};
/* End PBXGroup section */

/* Begin PBXNativeTarget section */
		C2EBA6041B4E056F00E640F2 /* macwcjgithub */ = {
			isa = PBXNativeTarget;
			buildConfigurationList = C2EBA6241B4E056F00E640F2 /* Build configuration list for PBXNativeTarget "macwcjgithub" */;
			buildPhases = (
				C2EBA6011B4E056F00E640F2 /* Sources */,
				C2EBA6021B4E056F00E640F2 /* Frameworks */,
				C2EBA6031B4E056F00E640F2 /* Resources */,
			);
			buildRules = (
			);
			dependencies = (
			);
			name = macwcjgithub;
			productName = macwcjgithub;
			productReference = C2EBA6051B4E056F00E640F2 /* macwcjgithub.app */;
			productType = "com.apple.product-type.application";
		};
		C2EBA6191B4E056F00E640F2 /* macwcjgithubTests */ = {
			isa = PBXNativeTarget;
			buildConfigurationList = C2EBA6271B4E056F00E640F2 /* Build configuration list for PBXNativeTarget "macwcjgithubTests" */;
			buildPhases = (
				C2EBA6161B4E056F00E640F2 /* Sources */,
				C2EBA6171B4E056F00E640F2 /* Frameworks */,
				C2EBA6181B4E056F00E640F2 /* Resources */,
			);
			buildRules = (
			);
			dependencies = (
				C2EBA61C1B4E056F00E640F2 /* PBXTargetDependency */,
			);
			name = macwcjgithubTests;
			productName = macwcjgithubTests;
			productReference = C2EBA61A1B4E056F00E640F2 /* macwcjgithubTests.xctest */;
			productType = "com.apple.product-type.bundle.unit-test";
		};
/* End PBXNativeTarget section */

/* Begin PBXProject section */
		C2EBA5FD1B4E056F00E640F2 /* Project object */ = {
			isa = PBXProject;
			attributes = {
				LastUpgradeCheck = 0600;
				ORGANIZATIONNAME = wcj;
				TargetAttributes = {
					C2EBA6041B4E056F00E640F2 = {
						CreatedOnToolsVersion = 6.0;
					};
					C2EBA6191B4E056F00E640F2 = {
						CreatedOnToolsVersion = 6.0;
						TestTargetID = C2EBA6041B4E056F00E640F2;
					};
				};
			};
			buildConfigurationList = C2EBA6001B4E056F00E640F2 /* Build configuration list for PBXProject "macwcjgithub" */;
			compatibilityVersion = "Xcode 3.2";
			developmentRegion = English;
			hasScannedForEncodings = 0;
			knownRegions = (
				en,
				Base,
			);
			mainGroup = C2EBA5FC1B4E056F00E640F2;
			productRefGroup = C2EBA6061B4E056F00E640F2 /* Products */;
			projectDirPath = "";
			projectRoot = "";
			targets = (
				C2EBA6041B4E056F00E640F2 /* macwcjgithub */,
				C2EBA6191B4E056F00E640F2 /* macwcjgithubTests */,
			);
		};
/* End PBXProject section */

/* Begin PBXResourcesBuildPhase section */
		C2EBA6031B4E056F00E640F2 /* Resources */ = {
			isa = PBXResourcesBuildPhase;
			buildActionMask = 2147483647;
			files = (
				C2EBA6101B4E056F00E640F2 /* macwcjgithub-Prefix.pch in Resources */,
				C2EBA6151B4E056F00E640F2 /* LaunchScreen.xib in Resources */,
				C2EBA6121B4E056F00E640F2 /* Images.xcassets in Resources */,
			);
			runOnlyForDeploymentPostprocessing = 0;
		};
		C2EBA6181B4E056F00E640F2 /* Resources */ = {
			isa = PBXResourcesBuildPhase;
			buildActionMask = 2147483647;
			files = (
			);
			runOnlyForDeploymentPostprocessing = 0;
		};
/* End PBXResourcesBuildPhase section */

/* Begin PBXSourcesBuildPhase section */
		C2EBA6011B4E056F00E640F2 /* Sources */ = {
			isa = PBXSourcesBuildPhase;
			buildActionMask = 2147483647;
			files = (
				C2EBA60E1B4E056F00E640F2 /* AppDelegate.m in Sources */,
				C2EBA60B1B4E056F00E640F2 /* main.m in Sources */,
			);
			runOnlyForDeploymentPostprocessing = 0;
		};
		C2EBA6161B4E056F00E640F2 /* Sources */ = {
			isa = PBXSourcesBuildPhase;
			buildActionMask = 2147483647;
			files = (
				C2EBA6211B4E056F00E640F2 /* macwcjgithubTests.m in Sources */,
			);
			runOnlyForDeploymentPostprocessing = 0;
		};
/* End PBXSourcesBuildPhase section */

/* Begin PBXTargetDependency section */
		C2EBA61C1B4E056F00E640F2 /* PBXTargetDependency */ = {
			isa = PBXTargetDependency;
			target = C2EBA6041B4E056F00E640F2 /* macwcjgithub */;
			targetProxy = C2EBA61B1B4E056F00E640F2 /* PBXContainerItemProxy */;
		};
/* End PBXTargetDependency section */

/* Begin PBXVariantGroup section */
		C2EBA6131B4E056F00E640F2 /* LaunchScreen.xib */ = {
			isa = PBXVariantGroup;
			children = (
				C2EBA6141B4E056F00E640F2 /* Base */,
			);
			name = LaunchScreen.xib;
			sourceTree = "<group>";
		};
/* End PBXVariantGroup section */

/* Begin XCBuildConfiguration section */
		C2EBA6221B4E056F00E640F2 /* Debug */ = {
			isa = XCBuildConfiguration;
			buildSettings = {
				ALWAYS_SEARCH_USER_PATHS = NO;
				CLANG_CXX_LANGUAGE_STANDARD = "gnu++0x";
				CLANG_CXX_LIBRARY = "libc++";
				CLANG_ENABLE_MODULES = YES;
				CLANG_ENABLE_OBJC_ARC = YES;
				CLANG_WARN_BOOL_CONVERSION = YES;
				CLANG_WARN_CONSTANT_CONVERSION = YES;
				CLANG_WARN_DIRECT_OBJC_ISA_USAGE = YES_ERROR;
				CLANG_WARN_EMPTY_BODY = YES;
				CLANG_WARN_ENUM_CONVERSION = YES;
				CLANG_WARN_INT_CONVERSION = YES;
				CLANG_WARN_OBJC_ROOT_CLASS = YES_ERROR;
				CLANG_WARN_UNREACHABLE_CODE = YES;
				CLANG_WARN__DUPLICATE_METHOD_MATCH = YES;
				"CODE_SIGN_IDENTITY[sdk=iphoneos*]" = "iPhone Developer";
				COPY_PHASE_STRIP = NO;
				ENABLE_STRICT_OBJC_MSGSEND = YES;
				GCC_C_LANGUAGE_STANDARD = gnu99;
				GCC_DYNAMIC_NO_PIC = NO;
				GCC_OPTIMIZATION_LEVEL = 0;
				GCC_PREPROCESSOR_DEFINITIONS = (
					"DEBUG=1",
					"$(inherited)",
				);
				GCC_SYMBOLS_PRIVATE_EXTERN = NO;
				GCC_WARN_64_TO_32_BIT_CONVERSION = YES;
				GCC_WARN_ABOUT_RETURN_TYPE = YES_ERROR;
				GCC_WARN_UNDECLARED_SELECTOR = YES;
				GCC_WARN_UNINITIALIZED_AUTOS = YES_AGGRESSIVE;
				GCC_WARN_UNUSED_FUNCTION = YES;
				GCC_WARN_UNUSED_VARIABLE = YES;
				IPHONEOS_DEPLOYMENT_TARGET = 8.0;
				MTL_ENABLE_DEBUG_INFO = YES;
				ONLY_ACTIVE_ARCH = YES;
				SDKROOT = iphoneos;
				TARGETED_DEVICE_FAMILY = "1,2";
			};
			name = Debug;
		};
		C2EBA6231B4E056F00E640F2 /* Release */ = {
			isa = XCBuildConfiguration;
			buildSettings = {
				ALWAYS_SEARCH_USER_PATHS = NO;
				CLANG_CXX_LANGUAGE_STANDARD = "gnu++0x";
				CLANG_CXX_LIBRARY = "libc++";
				CLANG_ENABLE_MODULES = YES;
				CLANG_ENABLE_OBJC_ARC = YES;
				CLANG_WARN_BOOL_CONVERSION = YES;
				CLANG_WARN_CONSTANT_CONVERSION = YES;
				CLANG_WARN_DIRECT_OBJC_ISA_USAGE = YES_ERROR;
				CLANG_WARN_EMPTY_BODY = YES;
				CLANG_WARN_ENUM_CONVERSION = YES;
				CLANG_WARN_INT_CONVERSION = YES;
				CLANG_WARN_OBJC_ROOT_CLASS = YES_ERROR;
				CLANG_WARN_UNREACHABLE_CODE = YES;
				CLANG_WARN__DUPLICATE_METHOD_MATCH = YES;
				"CODE_SIGN_IDENTITY[sdk=iphoneos*]" = "iPhone Developer";
				COPY_PHASE_STRIP = YES;
				ENABLE_NS_ASSERTIONS = NO;
				ENABLE_STRICT_OBJC_MSGSEND = YES;
				GCC_C_LANGUAGE_STANDARD = gnu99;
				GCC_WARN_64_TO_32_BIT_CONVERSION = YES;
				GCC_WARN_ABOUT_RETURN_TYPE = YES_ERROR;
				GCC_WARN_UNDECLARED_SELECTOR = YES;
				GCC_WARN_UNINITIALIZED_AUTOS = YES_AGGRESSIVE;
				GCC_WARN_UNUSED_FUNCTION = YES;
				GCC_WARN_UNUSED_VARIABLE = YES;
				IPHONEOS_DEPLOYMENT_TARGET = 8.0;
				MTL_ENABLE_DEBUG_INFO = NO;
				SDKROOT = iphoneos;
				TARGETED_DEVICE_FAMILY = "1,2";
				VALIDATE_PRODUCT = YES;
			};
			name = Release;
		};
		C2EBA6251B4E056F00E640F2 /* Debug */ = {
			isa = XCBuildConfiguration;
			buildSettings = {
				ASSETCATALOG_COMPILER_APPICON_NAME = AppIcon;
				INFOPLIST_FILE = macwcjgithub/Info.plist;
				LD_RUNPATH_SEARCH_PATHS = "$(inherited) @executable_path/Frameworks";
				PRODUCT_NAME = "$(TARGET_NAME)";
			};
			name = Debug;
		};
		C2EBA6261B4E056F00E640F2 /* Release */ = {
			isa = XCBuildConfiguration;
			buildSettings = {
				ASSETCATALOG_COMPILER_APPICON_NAME = AppIcon;
				INFOPLIST_FILE = macwcjgithub/Info.plist;
				LD_RUNPATH_SEARCH_PATHS = "$(inherited) @executable_path/Frameworks";
				PRODUCT_NAME = "$(TARGET_NAME)";
			};
			name = Release;
		};
		C2EBA6281B4E056F00E640F2 /* Debug */ = {
			isa = XCBuildConfiguration;
			buildSettings = {
				BUNDLE_LOADER = "$(TEST_HOST)";
				FRAMEWORK_SEARCH_PATHS = (
					"$(SDKROOT)/Developer/Library/Frameworks",
					"$(inherited)",
				);
				GCC_PREPROCESSOR_DEFINITIONS = (
					"DEBUG=1",
					"$(inherited)",
				);
				INFOPLIST_FILE = macwcjgithubTests/Info.plist;
				LD_RUNPATH_SEARCH_PATHS = "$(inherited) @executable_path/Frameworks @loader_path/Frameworks";
				PRODUCT_NAME = "$(TARGET_NAME)";
				TEST_HOST = "$(BUILT_PRODUCTS_DIR)/macwcjgithub.app/macwcjgithub";
			};
			name = Debug;
		};
		C2EBA6291B4E056F00E640F2 /* Release */ = {
			isa = XCBuildConfiguration;
			buildSettings = {
				BUNDLE_LOADER = "$(TEST_HOST)";
				FRAMEWORK_SEARCH_PATHS = (
					"$(SDKROOT)/Developer/Library/Frameworks",
					"$(inherited)",
				);
				INFOPLIST_FILE = macwcjgithubTests/Info.plist;
				LD_RUNPATH_SEARCH_PATHS = "$(inherited) @executable_path/Frameworks @loader_path/Frameworks";
				PRODUCT_NAME = "$(TARGET_NAME)";
				TEST_HOST = "$(BUILT_PRODUCTS_DIR)/macwcjgithub.app/macwcjgithub";
			};
			name = Release;
		};
/* End XCBuildConfiguration section */

/* Begin XCConfigurationList section */
		C2EBA6001B4E056F00E640F2 /* Build configuration list for PBXProject "macwcjgithub" */ = {
			isa = XCConfigurationList;
			buildConfigurations = (
				C2EBA6221B4E056F00E640F2 /* Debug */,
				C2EBA6231B4E056F00E640F2 /* Release */,
			);
			defaultConfigurationIsVisible = 0;
			defaultConfigurationName = Release;
		};
		C2EBA6241B4E056F00E640F2 /* Build configuration list for PBXNativeTarget "macwcjgithub" */ = {
			isa = XCConfigurationList;
			buildConfigurations = (
				C2EBA6251B4E056F00E640F2 /* Debug */,
				C2EBA6261B4E056F00E640F2 /* Release */,
			);
			defaultConfigurationIsVisible = 0;
		};
		C2EBA6271B4E056F00E640F2 /* Build configuration list for PBXNativeTarget "macwcjgithubTests" */ = {
			isa = XCConfigurationList;
			buildConfigurations = (
				C2EBA6281B4E056F00E640F2 /* Debug */,
				C2EBA6291B4E056F00E640F2 /* Release */,
			);
			defaultConfigurationIsVisible = 0;
		};
/* End XCConfigurationList section */
	};
	rootObject = C2EBA5FD1B4E056F00E640F2 /* Project object */;
}
